<?xml version="1.0" encoding="utf-8"?>
<Project ToolsVersion="4.0" xmlns="http://schemas.microsoft.com/developer/msbuild/2003">
  <ItemGroup>
    <Filter Include="Source Files">
      <UniqueIdentifier>{4FC737F1-C7A5-4376-A066-2A32D752A2FF}</UniqueIdentifier>
      <Extensions>cpp;c;cc;cxx;def;odl;idl;hpj;bat;asm;asmx</Extensions>
    </Filter>
    <Filter Include="Header Files">
      <UniqueIdentifier>{93995380-89BD-4b04-88EB-625FBE52EBFB}</UniqueIdentifier>
      <Extensions>h;hh;hpp;hxx;hm;inl;inc;xsd</Extensions>
    </Filter>
    <Filter Include="Resource Files">
      <UniqueIdentifier>{67DA6AB6-F800-4c08-8B7A-83BB121AAD01}</UniqueIdentifier>
      <Extensions>rc;ico;cur;bmp;dlg;rc2;rct;bin;rgs;gif;jpg;jpeg;jpe;resx;tiff;tif;png;wav;mfcribbon-ms</Extensions>
    </Filter>
    <Filter Include="Header Files\structs">
      <UniqueIdentifier>{3819d236-d79c-4f2a-b386-682804dd1ffb}</UniqueIdentifier>
    </Filter>
    <Filter Include="Header Files\other">
      <UniqueIdentifier>{1c7e85b2-bb0a-485c-bb56-e018dade4b49}</UniqueIdentifier>
    </Filter>
    <Filter Include="Source Files\structs">
      <UniqueIdentifier>{d63ac487-f86e-4434-a52f-06fd263e2aa6}</UniqueIdentifier>
    </Filter>
    <Filter Include="Source Files\other">
      <UniqueIdentifier>{f7087810-9ce1-4247-97a1-aa6fad234620}</UniqueIdentifier>
    </Filter>
    <Filter Include="Resource Files\Shaders">
      <UniqueIdentifier>{b01fa6fc-1bbe-48ef-ba3d-f3d369e15b98}</UniqueIdentifier>
    </Filter>
  </ItemGroup>
  <ItemGroup>
    <ClCompile Include="main.cpp">
      <Filter>Source Files</Filter>
    </ClCompile>
    <ClCompile Include="cwkp.cpp">
      <Filter>Source Files</Filter>
    </ClCompile>
    <ClCompile Include="Obj.cpp">
      <Filter>Source Files\structs</Filter>
    </ClCompile>
    <ClCompile Include="load_image.cpp">
      <Filter>Source Files\other</Filter>
    </ClCompile>
    <ClCompile Include="graphics_stuff\tiny_object_loader\tiny_obj_loader.cpp">
      <Filter>Source Files\other</Filter>
    </ClCompile>
  </ItemGroup>
  <ItemGroup>
    <ClInclude Include="cwkp.h">
      <Filter>Header Files</Filter>
    </ClInclude>
    <ClInclude Include="light.h">
      <Filter>Header Files\structs</Filter>
    </ClInclude>
    <ClInclude Include="Obj.h">
      <Filter>Header Files\structs</Filter>
    </ClInclude>
    <ClInclude Include="varhandle.h">
      <Filter>Header Files\structs</Filter>
    </ClInclude>
    <ClInclude Include="vertex.h">
      <Filter>Header Files\structs</Filter>
    </ClInclude>
    <ClInclude Include="glm.h">
      <Filter>Header Files\other</Filter>
    </ClInclude>
    <ClInclude Include="load_image.h">
      <Filter>Header Files\other</Filter>
    </ClInclude>
    <ClInclude Include="graphics_stuff\stb_image\stb_image.h">
      <Filter>Header Files\other</Filter>
    </ClInclude>
    <ClInclude Include="opengl.h">
      <Filter>Header Files\other</Filter>
    </ClInclude>
    <ClInclude Include="graphics_stuff\tiny_object_loader\tiny_obj_loader.h">
      <Filter>Header Files\other</Filter>
    </ClInclude>
    <ClInclude Include="glslprogram.h">
      <Filter>Header Files\structs</Filter>
    </ClInclude>
    <ClInclude Include="colors.h">
      <Filter>Header Files\other</Filter>
    </ClInclude>
  </ItemGroup>
  <ItemGroup>
    <None Include="shaders\basic.frag">
      <Filter>Resource Files\Shaders</Filter>
    </None>
    <None Include="shaders\basic.vert">
      <Filter>Resource Files\Shaders</Filter>
    </None>
  </ItemGroup>
</Project>